// !$*UTF8*$!
{
	archiveVersion = 1;
	classes = {
	};
	objectVersion = 46;
	objects = {

/* Begin PBXBuildFile section */
		85141F731E0B085F00DB3920 /* TaskListController.swift in Sources */ = {isa = PBXBuildFile; fileRef = 85141F721E0B085F00DB3920 /* TaskListController.swift */; };
		85FC2EDE1E09A376009C88B8 /* AppDelegate.swift in Sources */ = {isa = PBXBuildFile; fileRef = 85FC2EDD1E09A376009C88B8 /* AppDelegate.swift */; };
		85FC2EE61E09A376009C88B8 /* ProximityReminders.xcdatamodeld in Sources */ = {isa = PBXBuildFile; fileRef = 85FC2EE41E09A376009C88B8 /* ProximityReminders.xcdatamodeld */; };
		85FC2EE81E09A376009C88B8 /* Assets.xcassets in Resources */ = {isa = PBXBuildFile; fileRef = 85FC2EE71E09A376009C88B8 /* Assets.xcassets */; };
		85FC2EEB1E09A376009C88B8 /* LaunchScreen.storyboard in Resources */ = {isa = PBXBuildFile; fileRef = 85FC2EE91E09A376009C88B8 /* LaunchScreen.storyboard */; };
		85FC2F131E09E0AF009C88B8 /* CoreDataController.swift in Sources */ = {isa = PBXBuildFile; fileRef = 85FC2F121E09E0AF009C88B8 /* CoreDataController.swift */; };
		85FC2F281E09E5F1009C88B8 /* Task+CoreDataProperties.swift in Sources */ = {isa = PBXBuildFile; fileRef = 85FC2F241E09E5F1009C88B8 /* Task+CoreDataProperties.swift */; };
		85FC2F291E09E5F1009C88B8 /* Task.swift in Sources */ = {isa = PBXBuildFile; fileRef = 85FC2F251E09E5F1009C88B8 /* Task.swift */; };
		85FC2F2A1E09E5F1009C88B8 /* CircularNotificationRegion+CoreDataProperties.swift in Sources */ = {isa = PBXBuildFile; fileRef = 85FC2F261E09E5F1009C88B8 /* CircularNotificationRegion+CoreDataProperties.swift */; };
		85FC2F2B1E09E5F1009C88B8 /* CircularNotificationRegion.swift in Sources */ = {isa = PBXBuildFile; fileRef = 85FC2F271E09E5F1009C88B8 /* CircularNotificationRegion.swift */; };
		85FC71F61E0B3014001C37D6 /* TaskFetchedResultsController.swift in Sources */ = {isa = PBXBuildFile; fileRef = 85FC71F51E0B3014001C37D6 /* TaskFetchedResultsController.swift */; };
/* End PBXBuildFile section */

/* Begin PBXFileReference section */
		85141F721E0B085F00DB3920 /* TaskListController.swift */ = {isa = PBXFileReference; fileEncoding = 4; lastKnownFileType = sourcecode.swift; path = TaskListController.swift; sourceTree = "<group>"; };
		85FC2EDA1E09A376009C88B8 /* ProximityReminders.app */ = {isa = PBXFileReference; explicitFileType = wrapper.application; includeInIndex = 0; path = ProximityReminders.app; sourceTree = BUILT_PRODUCTS_DIR; };
		85FC2EDD1E09A376009C88B8 /* AppDelegate.swift */ = {isa = PBXFileReference; lastKnownFileType = sourcecode.swift; path = AppDelegate.swift; sourceTree = "<group>"; };
		85FC2EE51E09A376009C88B8 /* ProximityReminders.xcdatamodel */ = {isa = PBXFileReference; lastKnownFileType = wrapper.xcdatamodel; path = ProximityReminders.xcdatamodel; sourceTree = "<group>"; };
		85FC2EE71E09A376009C88B8 /* Assets.xcassets */ = {isa = PBXFileReference; lastKnownFileType = folder.assetcatalog; path = Assets.xcassets; sourceTree = "<group>"; };
		85FC2EEA1E09A376009C88B8 /* Base */ = {isa = PBXFileReference; lastKnownFileType = file.storyboard; name = Base; path = Base.lproj/LaunchScreen.storyboard; sourceTree = "<group>"; };
		85FC2EEC1E09A376009C88B8 /* Info.plist */ = {isa = PBXFileReference; lastKnownFileType = text.plist.xml; path = Info.plist; sourceTree = "<group>"; };
		85FC2F121E09E0AF009C88B8 /* CoreDataController.swift */ = {isa = PBXFileReference; fileEncoding = 4; lastKnownFileType = sourcecode.swift; path = CoreDataController.swift; sourceTree = "<group>"; };
		85FC2F241E09E5F1009C88B8 /* Task+CoreDataProperties.swift */ = {isa = PBXFileReference; fileEncoding = 4; lastKnownFileType = sourcecode.swift; name = "Task+CoreDataProperties.swift"; path = "../Task+CoreDataProperties.swift"; sourceTree = "<group>"; };
		85FC2F251E09E5F1009C88B8 /* Task.swift */ = {isa = PBXFileReference; fileEncoding = 4; lastKnownFileType = sourcecode.swift; name = Task.swift; path = ../Task.swift; sourceTree = "<group>"; };
		85FC2F261E09E5F1009C88B8 /* CircularNotificationRegion+CoreDataProperties.swift */ = {isa = PBXFileReference; fileEncoding = 4; lastKnownFileType = sourcecode.swift; name = "CircularNotificationRegion+CoreDataProperties.swift"; path = "../CircularNotificationRegion+CoreDataProperties.swift"; sourceTree = "<group>"; };
		85FC2F271E09E5F1009C88B8 /* CircularNotificationRegion.swift */ = {isa = PBXFileReference; fileEncoding = 4; lastKnownFileType = sourcecode.swift; name = CircularNotificationRegion.swift; path = ../CircularNotificationRegion.swift; sourceTree = "<group>"; };
		85FC71F51E0B3014001C37D6 /* TaskFetchedResultsController.swift */ = {isa = PBXFileReference; fileEncoding = 4; lastKnownFileType = sourcecode.swift; path = TaskFetchedResultsController.swift; sourceTree = "<group>"; };
/* End PBXFileReference section */

/* Begin PBXFrameworksBuildPhase section */
		85FC2ED71E09A376009C88B8 /* Frameworks */ = {
			isa = PBXFrameworksBuildPhase;
			buildActionMask = 2147483647;
			files = (
			);
			runOnlyForDeploymentPostprocessing = 0;
		};
/* End PBXFrameworksBuildPhase section */

/* Begin PBXGroup section */
		85141F6E1E0B07AA00DB3920 /* Model */ = {
			isa = PBXGroup;
			children = (
				85FC2EE41E09A376009C88B8 /* ProximityReminders.xcdatamodeld */,
				85FC2F251E09E5F1009C88B8 /* Task.swift */,
				85FC2F241E09E5F1009C88B8 /* Task+CoreDataProperties.swift */,
				85FC2F271E09E5F1009C88B8 /* CircularNotificationRegion.swift */,
				85FC2F261E09E5F1009C88B8 /* CircularNotificationRegion+CoreDataProperties.swift */,
			);
			name = Model;
			sourceTree = "<group>";
		};
		85141F701E0B07DB00DB3920 /* View */ = {
			isa = PBXGroup;
			children = (
				85FC2EE71E09A376009C88B8 /* Assets.xcassets */,
				85FC2EE91E09A376009C88B8 /* LaunchScreen.storyboard */,
			);
			name = View;
			sourceTree = "<group>";
		};
		85141F711E0B082600DB3920 /* Controller */ = {
			isa = PBXGroup;
			children = (
				85141F721E0B085F00DB3920 /* TaskListController.swift */,
				85FC71F51E0B3014001C37D6 /* TaskFetchedResultsController.swift */,
				85FC2F121E09E0AF009C88B8 /* CoreDataController.swift */,
			);
			name = Controller;
			sourceTree = "<group>";
		};
		85FC2ED11E09A376009C88B8 = {
			isa = PBXGroup;
			children = (
				85FC2EDC1E09A376009C88B8 /* ProximityReminders */,
				85FC2EDB1E09A376009C88B8 /* Products */,
			);
			sourceTree = "<group>";
		};
		85FC2EDB1E09A376009C88B8 /* Products */ = {
			isa = PBXGroup;
			children = (
				85FC2EDA1E09A376009C88B8 /* ProximityReminders.app */,
			);
			name = Products;
			sourceTree = "<group>";
		};
		85FC2EDC1E09A376009C88B8 /* ProximityReminders */ = {
			isa = PBXGroup;
			children = (
				85141F6E1E0B07AA00DB3920 /* Model */,
				85141F701E0B07DB00DB3920 /* View */,
				85141F711E0B082600DB3920 /* Controller */,
				85FC2EDD1E09A376009C88B8 /* AppDelegate.swift */,
				85FC2EEC1E09A376009C88B8 /* Info.plist */,
			);
			path = ProximityReminders;
			sourceTree = "<group>";
		};
/* End PBXGroup section */

/* Begin PBXNativeTarget section */
		85FC2ED91E09A376009C88B8 /* ProximityReminders */ = {
			isa = PBXNativeTarget;
			buildConfigurationList = 85FC2EEF1E09A376009C88B8 /* Build configuration list for PBXNativeTarget "ProximityReminders" */;
			buildPhases = (
				85FC2ED61E09A376009C88B8 /* Sources */,
				85FC2ED71E09A376009C88B8 /* Frameworks */,
				85FC2ED81E09A376009C88B8 /* Resources */,
			);
			buildRules = (
			);
			dependencies = (
			);
			name = ProximityReminders;
			productName = ProximityReminders;
			productReference = 85FC2EDA1E09A376009C88B8 /* ProximityReminders.app */;
			productType = "com.apple.product-type.application";
		};
/* End PBXNativeTarget section */

/* Begin PBXProject section */
		85FC2ED21E09A376009C88B8 /* Project object */ = {
			isa = PBXProject;
			attributes = {
				LastSwiftUpdateCheck = 0730;
				LastUpgradeCheck = 0730;
				ORGANIZATIONNAME = "Christopher Bonuel";
				TargetAttributes = {
					85FC2ED91E09A376009C88B8 = {
						CreatedOnToolsVersion = 7.3.1;
					};
				};
			};
			buildConfigurationList = 85FC2ED51E09A376009C88B8 /* Build configuration list for PBXProject "ProximityReminders" */;
			compatibilityVersion = "Xcode 3.2";
			developmentRegion = English;
			hasScannedForEncodings = 0;
			knownRegions = (
				en,
				Base,
			);
			mainGroup = 85FC2ED11E09A376009C88B8;
			productRefGroup = 85FC2EDB1E09A376009C88B8 /* Products */;
			projectDirPath = "";
			projectRoot = "";
			targets = (
				85FC2ED91E09A376009C88B8 /* ProximityReminders */,
			);
		};
/* End PBXProject section */

/* Begin PBXResourcesBuildPhase section */
		85FC2ED81E09A376009C88B8 /* Resources */ = {
			isa = PBXResourcesBuildPhase;
			buildActionMask = 2147483647;
			files = (
				85FC2EEB1E09A376009C88B8 /* LaunchScreen.storyboard in Resources */,
				85FC2EE81E09A376009C88B8 /* Assets.xcassets in Resources */,
			);
			runOnlyForDeploymentPostprocessing = 0;
		};
/* End PBXResourcesBuildPhase section */

/* Begin PBXSourcesBuildPhase section */
		85FC2ED61E09A376009C88B8 /* Sources */ = {
			isa = PBXSourcesBuildPhase;
			buildActionMask = 2147483647;
			files = (
				85FC2EE61E09A376009C88B8 /* ProximityReminders.xcdatamodeld in Sources */,
				85141F731E0B085F00DB3920 /* TaskListController.swift in Sources */,
				85FC71F61E0B3014001C37D6 /* TaskFetchedResultsController.swift in Sources */,
				85FC2F131E09E0AF009C88B8 /* CoreDataController.swift in Sources */,
				85FC2F281E09E5F1009C88B8 /* Task+CoreDataProperties.swift in Sources */,
				85FC2F2A1E09E5F1009C88B8 /* CircularNotificationRegion+CoreDataProperties.swift in Sources */,
				85FC2F291E09E5F1009C88B8 /* Task.swift in Sources */,
				85FC2F2B1E09E5F1009C88B8 /* CircularNotificationRegion.swift in Sources */,
				85FC2EDE1E09A376009C88B8 /* AppDelegate.swift in Sources */,
			);
			runOnlyForDeploymentPostprocessing = 0;
		};
/* End PBXSourcesBuildPhase section */

/* Begin PBXVariantGroup section */
		85FC2EE91E09A376009C88B8 /* LaunchScreen.storyboard */ = {
			isa = PBXVariantGroup;
			children = (
				85FC2EEA1E09A376009C88B8 /* Base */,
			);
			name = LaunchScreen.storyboard;
			sourceTree = "<group>";
		};
/* End PBXVariantGroup section */

/* Begin XCBuildConfiguration section */
		85FC2EED1E09A376009C88B8 /* Debug */ = {
			isa = XCBuildConfiguration;
			buildSettings = {
				ALWAYS_SEARCH_USER_PATHS = NO;
				CLANG_ANALYZER_NONNULL = YES;
				CLANG_CXX_LANGUAGE_STANDARD = "gnu++0x";
				CLANG_CXX_LIBRARY = "libc++";
				CLANG_ENABLE_MODULES = YES;
				CLANG_ENABLE_OBJC_ARC = YES;
				CLANG_WARN_BOOL_CONVERSION = YES;
				CLANG_WARN_CONSTANT_CONVERSION = YES;
				CLANG_WARN_DIRECT_OBJC_ISA_USAGE = YES_ERROR;
				CLANG_WARN_EMPTY_BODY = YES;
				CLANG_WARN_ENUM_CONVERSION = YES;
				CLANG_WARN_INT_CONVERSION = YES;
				CLANG_WARN_OBJC_ROOT_CLASS = YES_ERROR;
				CLANG_WARN_UNREACHABLE_CODE = YES;
				CLANG_WARN__DUPLICATE_METHOD_MATCH = YES;
				"CODE_SIGN_IDENTITY[sdk=iphoneos*]" = "iPhone Developer";
				COPY_PHASE_STRIP = NO;
				DEBUG_INFORMATION_FORMAT = dwarf;
				ENABLE_STRICT_OBJC_MSGSEND = YES;
				ENABLE_TESTABILITY = YES;
				GCC_C_LANGUAGE_STANDARD = gnu99;
				GCC_DYNAMIC_NO_PIC = NO;
				GCC_NO_COMMON_BLOCKS = YES;
				GCC_OPTIMIZATION_LEVEL = 0;
				GCC_PREPROCESSOR_DEFINITIONS = (
					"DEBUG=1",
					"$(inherited)",
				);
				GCC_WARN_64_TO_32_BIT_CONVERSION = YES;
				GCC_WARN_ABOUT_RETURN_TYPE = YES_ERROR;
				GCC_WARN_UNDECLARED_SELECTOR = YES;
				GCC_WARN_UNINITIALIZED_AUTOS = YES_AGGRESSIVE;
				GCC_WARN_UNUSED_FUNCTION = YES;
				GCC_WARN_UNUSED_VARIABLE = YES;
				IPHONEOS_DEPLOYMENT_TARGET = 9.3;
				MTL_ENABLE_DEBUG_INFO = YES;
				ONLY_ACTIVE_ARCH = YES;
				SDKROOT = iphoneos;
				SWIFT_OPTIMIZATION_LEVEL = "-Onone";
			};
			name = Debug;
		};
		85FC2EEE1E09A376009C88B8 /* Release */ = {
			isa = XCBuildConfiguration;
			buildSettings = {
				ALWAYS_SEARCH_USER_PATHS = NO;
				CLANG_ANALYZER_NONNULL = YES;
				CLANG_CXX_LANGUAGE_STANDARD = "gnu++0x";
				CLANG_CXX_LIBRARY = "libc++";
				CLANG_ENABLE_MODULES = YES;
				CLANG_ENABLE_OBJC_ARC = YES;
				CLANG_WARN_BOOL_CONVERSION = YES;
				CLANG_WARN_CONSTANT_CONVERSION = YES;
				CLANG_WARN_DIRECT_OBJC_ISA_USAGE = YES_ERROR;
				CLANG_WARN_EMPTY_BODY = YES;
				CLANG_WARN_ENUM_CONVERSION = YES;
				CLANG_WARN_INT_CONVERSION = YES;
				CLANG_WARN_OBJC_ROOT_CLASS = YES_ERROR;
				CLANG_WARN_UNREACHABLE_CODE = YES;
				CLANG_WARN__DUPLICATE_METHOD_MATCH = YES;
				"CODE_SIGN_IDENTITY[sdk=iphoneos*]" = "iPhone Developer";
				COPY_PHASE_STRIP = NO;
				DEBUG_INFORMATION_FORMAT = "dwarf-with-dsym";
				ENABLE_NS_ASSERTIONS = NO;
				ENABLE_STRICT_OBJC_MSGSEND = YES;
				GCC_C_LANGUAGE_STANDARD = gnu99;
				GCC_NO_COMMON_BLOCKS = YES;
				GCC_WARN_64_TO_32_BIT_CONVERSION = YES;
				GCC_WARN_ABOUT_RETURN_TYPE = YES_ERROR;
				GCC_WARN_UNDECLARED_SELECTOR = YES;
				GCC_WARN_UNINITIALIZED_AUTOS = YES_AGGRESSIVE;
				GCC_WARN_UNUSED_FUNCTION = YES;
				GCC_WARN_UNUSED_VARIABLE = YES;
				IPHONEOS_DEPLOYMENT_TARGET = 9.3;
				MTL_ENABLE_DEBUG_INFO = NO;
				SDKROOT = iphoneos;
				VALIDATE_PRODUCT = YES;
			};
			name = Release;
		};
		85FC2EF01E09A376009C88B8 /* Debug */ = {
			isa = XCBuildConfiguration;
			buildSettings = {
				ASSETCATALOG_COMPILER_APPICON_NAME = AppIcon;
				INFOPLIST_FILE = ProximityReminders/Info.plist;
				LD_RUNPATH_SEARCH_PATHS = "$(inherited) @executable_path/Frameworks";
				PRODUCT_BUNDLE_IDENTIFIER = com.gametime.ProximityReminders;
				PRODUCT_NAME = "$(TARGET_NAME)";
			};
			name = Debug;
		};
		85FC2EF11E09A376009C88B8 /* Release */ = {
			isa = XCBuildConfiguration;
			buildSettings = {
				ASSETCATALOG_COMPILER_APPICON_NAME = AppIcon;
				INFOPLIST_FILE = ProximityReminders/Info.plist;
				LD_RUNPATH_SEARCH_PATHS = "$(inherited) @executable_path/Frameworks";
				PRODUCT_BUNDLE_IDENTIFIER = com.gametime.ProximityReminders;
				PRODUCT_NAME = "$(TARGET_NAME)";
			};
			name = Release;
		};
/* End XCBuildConfiguration section */

/* Begin XCConfigurationList section */
		85FC2ED51E09A376009C88B8 /* Build configuration list for PBXProject "ProximityReminders" */ = {
			isa = XCConfigurationList;
			buildConfigurations = (
				85FC2EED1E09A376009C88B8 /* Debug */,
				85FC2EEE1E09A376009C88B8 /* Release */,
			);
			defaultConfigurationIsVisible = 0;
			defaultConfigurationName = Release;
		};
		85FC2EEF1E09A376009C88B8 /* Build configuration list for PBXNativeTarget "ProximityReminders" */ = {
			isa = XCConfigurationList;
			buildConfigurations = (
				85FC2EF01E09A376009C88B8 /* Debug */,
				85FC2EF11E09A376009C88B8 /* Release */,
			);
			defaultConfigurationIsVisible = 0;
			defaultConfigurationName = Release;
		};
/* End XCConfigurationList section */

/* Begin XCVersionGroup section */
		85FC2EE41E09A376009C88B8 /* ProximityReminders.xcdatamodeld */ = {
			isa = XCVersionGroup;
			children = (
				85FC2EE51E09A376009C88B8 /* ProximityReminders.xcdatamodel */,
			);
			currentVersion = 85FC2EE51E09A376009C88B8 /* ProximityReminders.xcdatamodel */;
			path = ProximityReminders.xcdatamodeld;
			sourceTree = "<group>";
			versionGroupType = wrapper.xcdatamodel;
		};
/* End XCVersionGroup section */
	};
	rootObject = 85FC2ED21E09A376009C88B8 /* Project object */;
}
